# THIS IS AN AUTOGENERATED FILE. DO NOT EDIT THIS FILE DIRECTLY.
# yarn lockfile v1


font-awesome@^4.7.0:
  version "4.7.0"
  resolved "https://registry.yarnpkg.com/font-awesome/-/font-awesome-4.7.0.tgz#8fa8cf0411a1a31afd07b06d2902bb9fc815a133"

jquery@^3.2.1:
  version "3.2.1"
  resolved "https://registry.yarnpkg.com/jquery/-/jquery-3.2.1.tgz#5c4d9de652af6cd0a770154a631bba12b015c787"

knacss@^7.0.1:
  version "7.0.1"
  resolved "https://registry.yarnpkg.com/knacss/-/knacss-7.0.1.tgz#87f2d517a2960d55983f5cdcff7531158ab1af8c"
